// !$*UTF8*$!
{
	archiveVersion = 1;
	classes = {
	};
	objectVersion = 56;
	objects = {

/* Begin PBXBuildFile section */
		2A6389FE2B062D26007BB425 /* WATableViewCell.swift in Sources */ = {isa = PBXBuildFile; fileRef = 2A6389FC2B062D26007BB425 /* WATableViewCell.swift */; };
		2A6389FF2B062D26007BB425 /* WATableViewCell.xib in Resources */ = {isa = PBXBuildFile; fileRef = 2A6389FD2B062D26007BB425 /* WATableViewCell.xib */; };
		2A638A022B062EEE007BB425 /* UITableViewCell+Identifier.swift in Sources */ = {isa = PBXBuildFile; fileRef = 2A638A012B062EEE007BB425 /* UITableViewCell+Identifier.swift */; };
		2A638A0A2B062FFE007BB425 /* WAListViewModel.swift in Sources */ = {isa = PBXBuildFile; fileRef = 2A638A092B062FFE007BB425 /* WAListViewModel.swift */; };
		2A638A0D2B0630AA007BB425 /* WACoordinator.swift in Sources */ = {isa = PBXBuildFile; fileRef = 2A638A0C2B0630AA007BB425 /* WACoordinator.swift */; };
		2A638A102B0630C0007BB425 /* Coordinator.swift in Sources */ = {isa = PBXBuildFile; fileRef = 2A638A0F2B0630C0007BB425 /* Coordinator.swift */; };
		2A638A122B0631B2007BB425 /* AppCoordinator.swift in Sources */ = {isa = PBXBuildFile; fileRef = 2A638A112B0631B2007BB425 /* AppCoordinator.swift */; };
		2A9186EE2B062C0E000E3AEF /* WAListViewController.swift in Sources */ = {isa = PBXBuildFile; fileRef = 2A9186EC2B062C0E000E3AEF /* WAListViewController.swift */; };
		2A9186EF2B062C0E000E3AEF /* WAListViewController.xib in Resources */ = {isa = PBXBuildFile; fileRef = 2A9186ED2B062C0E000E3AEF /* WAListViewController.xib */; };
		2AB23D742B0628E20018AD27 /* AppDelegate.swift in Sources */ = {isa = PBXBuildFile; fileRef = 2AB23D732B0628E20018AD27 /* AppDelegate.swift */; };
		2AB23D762B0628E20018AD27 /* SceneDelegate.swift in Sources */ = {isa = PBXBuildFile; fileRef = 2AB23D752B0628E20018AD27 /* SceneDelegate.swift */; };
		2AB23D7D2B0628E30018AD27 /* Assets.xcassets in Resources */ = {isa = PBXBuildFile; fileRef = 2AB23D7C2B0628E30018AD27 /* Assets.xcassets */; };
		2AB23D802B0628E30018AD27 /* LaunchScreen.storyboard in Resources */ = {isa = PBXBuildFile; fileRef = 2AB23D7E2B0628E30018AD27 /* LaunchScreen.storyboard */; };
		355322411E8673F3F9768AF3 /* Pods_TappaTask1.framework in Frameworks */ = {isa = PBXBuildFile; fileRef = 8314920C831607D685EE5533 /* Pods_TappaTask1.framework */; };
/* End PBXBuildFile section */

/* Begin PBXFileReference section */
		2A6389FC2B062D26007BB425 /* WATableViewCell.swift */ = {isa = PBXFileReference; lastKnownFileType = sourcecode.swift; path = WATableViewCell.swift; sourceTree = "<group>"; };
		2A6389FD2B062D26007BB425 /* WATableViewCell.xib */ = {isa = PBXFileReference; lastKnownFileType = file.xib; path = WATableViewCell.xib; sourceTree = "<group>"; };
		2A638A012B062EEE007BB425 /* UITableViewCell+Identifier.swift */ = {isa = PBXFileReference; lastKnownFileType = sourcecode.swift; path = "UITableViewCell+Identifier.swift"; sourceTree = "<group>"; };
		2A638A092B062FFE007BB425 /* WAListViewModel.swift */ = {isa = PBXFileReference; lastKnownFileType = sourcecode.swift; path = WAListViewModel.swift; sourceTree = "<group>"; };
		2A638A0C2B0630AA007BB425 /* WACoordinator.swift */ = {isa = PBXFileReference; lastKnownFileType = sourcecode.swift; path = WACoordinator.swift; sourceTree = "<group>"; };
		2A638A0F2B0630C0007BB425 /* Coordinator.swift */ = {isa = PBXFileReference; lastKnownFileType = sourcecode.swift; path = Coordinator.swift; sourceTree = "<group>"; };
		2A638A112B0631B2007BB425 /* AppCoordinator.swift */ = {isa = PBXFileReference; lastKnownFileType = sourcecode.swift; path = AppCoordinator.swift; sourceTree = "<group>"; };
		2A9186EC2B062C0E000E3AEF /* WAListViewController.swift */ = {isa = PBXFileReference; lastKnownFileType = sourcecode.swift; path = WAListViewController.swift; sourceTree = "<group>"; };
		2A9186ED2B062C0E000E3AEF /* WAListViewController.xib */ = {isa = PBXFileReference; lastKnownFileType = file.xib; path = WAListViewController.xib; sourceTree = "<group>"; };
		2AB23D702B0628E20018AD27 /* TappaTask1.app */ = {isa = PBXFileReference; explicitFileType = wrapper.application; includeInIndex = 0; path = TappaTask1.app; sourceTree = BUILT_PRODUCTS_DIR; };
		2AB23D732B0628E20018AD27 /* AppDelegate.swift */ = {isa = PBXFileReference; lastKnownFileType = sourcecode.swift; path = AppDelegate.swift; sourceTree = "<group>"; };
		2AB23D752B0628E20018AD27 /* SceneDelegate.swift */ = {isa = PBXFileReference; lastKnownFileType = sourcecode.swift; path = SceneDelegate.swift; sourceTree = "<group>"; };
		2AB23D7C2B0628E30018AD27 /* Assets.xcassets */ = {isa = PBXFileReference; lastKnownFileType = folder.assetcatalog; path = Assets.xcassets; sourceTree = "<group>"; };
		2AB23D7F2B0628E30018AD27 /* Base */ = {isa = PBXFileReference; lastKnownFileType = file.storyboard; name = Base; path = Base.lproj/LaunchScreen.storyboard; sourceTree = "<group>"; };
		2AB23D812B0628E30018AD27 /* Info.plist */ = {isa = PBXFileReference; lastKnownFileType = text.plist.xml; path = Info.plist; sourceTree = "<group>"; };
		4E7A10ECBE44E686DBD18EA3 /* Pods-TappaTask1.release.xcconfig */ = {isa = PBXFileReference; includeInIndex = 1; lastKnownFileType = text.xcconfig; name = "Pods-TappaTask1.release.xcconfig"; path = "Target Support Files/Pods-TappaTask1/Pods-TappaTask1.release.xcconfig"; sourceTree = "<group>"; };
		62A51FE53C1AE48A2D6AB955 /* Pods-TappaTask1.debug.xcconfig */ = {isa = PBXFileReference; includeInIndex = 1; lastKnownFileType = text.xcconfig; name = "Pods-TappaTask1.debug.xcconfig"; path = "Target Support Files/Pods-TappaTask1/Pods-TappaTask1.debug.xcconfig"; sourceTree = "<group>"; };
		8314920C831607D685EE5533 /* Pods_TappaTask1.framework */ = {isa = PBXFileReference; explicitFileType = wrapper.framework; includeInIndex = 0; path = Pods_TappaTask1.framework; sourceTree = BUILT_PRODUCTS_DIR; };
/* End PBXFileReference section */

/* Begin PBXFrameworksBuildPhase section */
		2AB23D6D2B0628E20018AD27 /* Frameworks */ = {
			isa = PBXFrameworksBuildPhase;
			buildActionMask = 2147483647;
			files = (
				355322411E8673F3F9768AF3 /* Pods_TappaTask1.framework in Frameworks */,
			);
			runOnlyForDeploymentPostprocessing = 0;
		};
/* End PBXFrameworksBuildPhase section */

/* Begin PBXGroup section */
		2A6389FB2B062D0E007BB425 /* Components */ = {
			isa = PBXGroup;
			children = (
				2A6389FC2B062D26007BB425 /* WATableViewCell.swift */,
				2A6389FD2B062D26007BB425 /* WATableViewCell.xib */,
			);
			path = Components;
			sourceTree = "<group>";
		};
		2A638A002B062ED9007BB425 /* Extensions */ = {
			isa = PBXGroup;
			children = (
				2A638A012B062EEE007BB425 /* UITableViewCell+Identifier.swift */,
			);
			path = Extensions;
			sourceTree = "<group>";
		};
		2A638A082B062FEE007BB425 /* ViewModel */ = {
			isa = PBXGroup;
			children = (
				2A638A092B062FFE007BB425 /* WAListViewModel.swift */,
			);
			path = ViewModel;
			sourceTree = "<group>";
		};
		2A638A0B2B063096007BB425 /* WAList */ = {
			isa = PBXGroup;
			children = (
				2A638A082B062FEE007BB425 /* ViewModel */,
				2A9186F02B062C21000E3AEF /* View */,
			);
			path = WAList;
			sourceTree = "<group>";
		};
		2A638A0E2B0630B1007BB425 /* Protocols */ = {
			isa = PBXGroup;
			children = (
				2A638A0F2B0630C0007BB425 /* Coordinator.swift */,
			);
			path = Protocols;
			sourceTree = "<group>";
		};
		2A638A132B0634E5007BB425 /* App */ = {
			isa = PBXGroup;
			children = (
				2AB23D732B0628E20018AD27 /* AppDelegate.swift */,
				2A638A112B0631B2007BB425 /* AppCoordinator.swift */,
				2AB23D752B0628E20018AD27 /* SceneDelegate.swift */,
			);
			path = App;
			sourceTree = "<group>";
		};
		2A638A152B06366B007BB425 /* Resources */ = {
			isa = PBXGroup;
			children = (
				2AB23D7C2B0628E30018AD27 /* Assets.xcassets */,
				2AB23D7E2B0628E30018AD27 /* LaunchScreen.storyboard */,
				2AB23D812B0628E30018AD27 /* Info.plist */,
			);
			path = Resources;
			sourceTree = "<group>";
		};
		2A9186EA2B062BD2000E3AEF /* Modules */ = {
			isa = PBXGroup;
			children = (
				2A9186EB2B062BD8000E3AEF /* WeatherAlert */,
			);
			path = Modules;
			sourceTree = "<group>";
		};
		2A9186EB2B062BD8000E3AEF /* WeatherAlert */ = {
			isa = PBXGroup;
			children = (
				2A638A0C2B0630AA007BB425 /* WACoordinator.swift */,
				2A638A0B2B063096007BB425 /* WAList */,
			);
			path = WeatherAlert;
			sourceTree = "<group>";
		};
		2A9186F02B062C21000E3AEF /* View */ = {
			isa = PBXGroup;
			children = (
				2A9186EC2B062C0E000E3AEF /* WAListViewController.swift */,
				2A9186ED2B062C0E000E3AEF /* WAListViewController.xib */,
				2A6389FB2B062D0E007BB425 /* Components */,
			);
			path = View;
			sourceTree = "<group>";
		};
		2AB23D672B0628E20018AD27 = {
			isa = PBXGroup;
			children = (
				2AB23D722B0628E20018AD27 /* TappaTask1 */,
				2AB23D712B0628E20018AD27 /* Products */,
				3DB232F649C761B5DAD58E88 /* Pods */,
				7C960C0B6A2C5AFE361332B2 /* Frameworks */,
			);
			sourceTree = "<group>";
		};
		2AB23D712B0628E20018AD27 /* Products */ = {
			isa = PBXGroup;
			children = (
				2AB23D702B0628E20018AD27 /* TappaTask1.app */,
			);
			name = Products;
			sourceTree = "<group>";
		};
		2AB23D722B0628E20018AD27 /* TappaTask1 */ = {
			isa = PBXGroup;
			children = (
				2A638A132B0634E5007BB425 /* App */,
				2A9186EA2B062BD2000E3AEF /* Modules */,
				2A638A0E2B0630B1007BB425 /* Protocols */,
				2A638A002B062ED9007BB425 /* Extensions */,
				2A638A152B06366B007BB425 /* Resources */,
			);
			path = TappaTask1;
			sourceTree = "<group>";
		};
		3DB232F649C761B5DAD58E88 /* Pods */ = {
			isa = PBXGroup;
			children = (
				62A51FE53C1AE48A2D6AB955 /* Pods-TappaTask1.debug.xcconfig */,
				4E7A10ECBE44E686DBD18EA3 /* Pods-TappaTask1.release.xcconfig */,
			);
			path = Pods;
			sourceTree = "<group>";
		};
		7C960C0B6A2C5AFE361332B2 /* Frameworks */ = {
			isa = PBXGroup;
			children = (
				8314920C831607D685EE5533 /* Pods_TappaTask1.framework */,
			);
			name = Frameworks;
			sourceTree = "<group>";
		};
/* End PBXGroup section */

/* Begin PBXNativeTarget section */
		2AB23D6F2B0628E20018AD27 /* TappaTask1 */ = {
			isa = PBXNativeTarget;
			buildConfigurationList = 2AB23D842B0628E30018AD27 /* Build configuration list for PBXNativeTarget "TappaTask1" */;
			buildPhases = (
				CE78654DCD685A55B1C1BDF7 /* [CP] Check Pods Manifest.lock */,
				2AB23D6C2B0628E20018AD27 /* Sources */,
				2AB23D6D2B0628E20018AD27 /* Frameworks */,
				2AB23D6E2B0628E20018AD27 /* Resources */,
				68F4019F9A9B645D86BA43CD /* [CP] Embed Pods Frameworks */,
			);
			buildRules = (
			);
			dependencies = (
			);
			name = TappaTask1;
			productName = TappaTask1;
			productReference = 2AB23D702B0628E20018AD27 /* TappaTask1.app */;
			productType = "com.apple.product-type.application";
		};
/* End PBXNativeTarget section */

/* Begin PBXProject section */
		2AB23D682B0628E20018AD27 /* Project object */ = {
			isa = PBXProject;
			attributes = {
				BuildIndependentTargetsInParallel = 1;
				LastSwiftUpdateCheck = 1500;
				LastUpgradeCheck = 1500;
				TargetAttributes = {
					2AB23D6F2B0628E20018AD27 = {
						CreatedOnToolsVersion = 15.0;
					};
				};
			};
			buildConfigurationList = 2AB23D6B2B0628E20018AD27 /* Build configuration list for PBXProject "TappaTask1" */;
			compatibilityVersion = "Xcode 14.0";
			developmentRegion = en;
			hasScannedForEncodings = 0;
			knownRegions = (
				en,
				Base,
			);
			mainGroup = 2AB23D672B0628E20018AD27;
			productRefGroup = 2AB23D712B0628E20018AD27 /* Products */;
			projectDirPath = "";
			projectRoot = "";
			targets = (
				2AB23D6F2B0628E20018AD27 /* TappaTask1 */,
			);
		};
/* End PBXProject section */

/* Begin PBXResourcesBuildPhase section */
		2AB23D6E2B0628E20018AD27 /* Resources */ = {
			isa = PBXResourcesBuildPhase;
			buildActionMask = 2147483647;
			files = (
				2AB23D802B0628E30018AD27 /* LaunchScreen.storyboard in Resources */,
				2A9186EF2B062C0E000E3AEF /* WAListViewController.xib in Resources */,
				2AB23D7D2B0628E30018AD27 /* Assets.xcassets in Resources */,
				2A6389FF2B062D26007BB425 /* WATableViewCell.xib in Resources */,
			);
			runOnlyForDeploymentPostprocessing = 0;
		};
/* End PBXResourcesBuildPhase section */

/* Begin PBXShellScriptBuildPhase section */
		68F4019F9A9B645D86BA43CD /* [CP] Embed Pods Frameworks */ = {
			isa = PBXShellScriptBuildPhase;
			buildActionMask = 2147483647;
			files = (
			);
			inputFileListPaths = (
				"${PODS_ROOT}/Target Support Files/Pods-TappaTask1/Pods-TappaTask1-frameworks-${CONFIGURATION}-input-files.xcfilelist",
			);
			name = "[CP] Embed Pods Frameworks";
			outputFileListPaths = (
				"${PODS_ROOT}/Target Support Files/Pods-TappaTask1/Pods-TappaTask1-frameworks-${CONFIGURATION}-output-files.xcfilelist",
			);
			runOnlyForDeploymentPostprocessing = 0;
			shellPath = /bin/sh;
			shellScript = "\"${PODS_ROOT}/Target Support Files/Pods-TappaTask1/Pods-TappaTask1-frameworks.sh\"\n";
			showEnvVarsInLog = 0;
		};
		CE78654DCD685A55B1C1BDF7 /* [CP] Check Pods Manifest.lock */ = {
			isa = PBXShellScriptBuildPhase;
			buildActionMask = 2147483647;
			files = (
			);
			inputFileListPaths = (
			);
			inputPaths = (
				"${PODS_PODFILE_DIR_PATH}/Podfile.lock",
				"${PODS_ROOT}/Manifest.lock",
			);
			name = "[CP] Check Pods Manifest.lock";
			outputFileListPaths = (
			);
			outputPaths = (
				"$(DERIVED_FILE_DIR)/Pods-TappaTask1-checkManifestLockResult.txt",
			);
			runOnlyForDeploymentPostprocessing = 0;
			shellPath = /bin/sh;
			shellScript = "diff \"${PODS_PODFILE_DIR_PATH}/Podfile.lock\" \"${PODS_ROOT}/Manifest.lock\" > /dev/null\nif [ $? != 0 ] ; then\n    # print error to STDERR\n    echo \"error: The sandbox is not in sync with the Podfile.lock. Run 'pod install' or update your CocoaPods installation.\" >&2\n    exit 1\nfi\n# This output is used by Xcode 'outputs' to avoid re-running this script phase.\necho \"SUCCESS\" > \"${SCRIPT_OUTPUT_FILE_0}\"\n";
			showEnvVarsInLog = 0;
		};
/* End PBXShellScriptBuildPhase section */

/* Begin PBXSourcesBuildPhase section */
		2AB23D6C2B0628E20018AD27 /* Sources */ = {
			isa = PBXSourcesBuildPhase;
			buildActionMask = 2147483647;
			files = (
				2A638A102B0630C0007BB425 /* Coordinator.swift in Sources */,
				2AB23D742B0628E20018AD27 /* AppDelegate.swift in Sources */,
				2A9186EE2B062C0E000E3AEF /* WAListViewController.swift in Sources */,
				2A638A0D2B0630AA007BB425 /* WACoordinator.swift in Sources */,
				2A638A0A2B062FFE007BB425 /* WAListViewModel.swift in Sources */,
				2A638A022B062EEE007BB425 /* UITableViewCell+Identifier.swift in Sources */,
				2A638A122B0631B2007BB425 /* AppCoordinator.swift in Sources */,
				2AB23D762B0628E20018AD27 /* SceneDelegate.swift in Sources */,
				2A6389FE2B062D26007BB425 /* WATableViewCell.swift in Sources */,
			);
			runOnlyForDeploymentPostprocessing = 0;
		};
/* End PBXSourcesBuildPhase section */

/* Begin PBXVariantGroup section */
		2AB23D7E2B0628E30018AD27 /* LaunchScreen.storyboard */ = {
			isa = PBXVariantGroup;
			children = (
				2AB23D7F2B0628E30018AD27 /* Base */,
			);
			name = LaunchScreen.storyboard;
			sourceTree = "<group>";
		};
/* End PBXVariantGroup section */

/* Begin XCBuildConfiguration section */
		2AB23D822B0628E30018AD27 /* Debug */ = {
			isa = XCBuildConfiguration;
			buildSettings = {
				ALWAYS_SEARCH_USER_PATHS = NO;
				ASSETCATALOG_COMPILER_GENERATE_SWIFT_ASSET_SYMBOL_EXTENSIONS = YES;
				CLANG_ANALYZER_NONNULL = YES;
				CLANG_ANALYZER_NUMBER_OBJECT_CONVERSION = YES_AGGRESSIVE;
				CLANG_CXX_LANGUAGE_STANDARD = "gnu++20";
				CLANG_ENABLE_MODULES = YES;
				CLANG_ENABLE_OBJC_ARC = YES;
				CLANG_ENABLE_OBJC_WEAK = YES;
				CLANG_WARN_BLOCK_CAPTURE_AUTORELEASING = YES;
				CLANG_WARN_BOOL_CONVERSION = YES;
				CLANG_WARN_COMMA = YES;
				CLANG_WARN_CONSTANT_CONVERSION = YES;
				CLANG_WARN_DEPRECATED_OBJC_IMPLEMENTATIONS = YES;
				CLANG_WARN_DIRECT_OBJC_ISA_USAGE = YES_ERROR;
				CLANG_WARN_DOCUMENTATION_COMMENTS = YES;
				CLANG_WARN_EMPTY_BODY = YES;
				CLANG_WARN_ENUM_CONVERSION = YES;
				CLANG_WARN_INFINITE_RECURSION = YES;
				CLANG_WARN_INT_CONVERSION = YES;
				CLANG_WARN_NON_LITERAL_NULL_CONVERSION = YES;
				CLANG_WARN_OBJC_IMPLICIT_RETAIN_SELF = YES;
				CLANG_WARN_OBJC_LITERAL_CONVERSION = YES;
				CLANG_WARN_OBJC_ROOT_CLASS = YES_ERROR;
				CLANG_WARN_QUOTED_INCLUDE_IN_FRAMEWORK_HEADER = YES;
				CLANG_WARN_RANGE_LOOP_ANALYSIS = YES;
				CLANG_WARN_STRICT_PROTOTYPES = YES;
				CLANG_WARN_SUSPICIOUS_MOVE = YES;
				CLANG_WARN_UNGUARDED_AVAILABILITY = YES_AGGRESSIVE;
				CLANG_WARN_UNREACHABLE_CODE = YES;
				CLANG_WARN__DUPLICATE_METHOD_MATCH = YES;
				COPY_PHASE_STRIP = NO;
				DEBUG_INFORMATION_FORMAT = dwarf;
				ENABLE_STRICT_OBJC_MSGSEND = YES;
				ENABLE_TESTABILITY = YES;
				ENABLE_USER_SCRIPT_SANDBOXING = NO;
				GCC_C_LANGUAGE_STANDARD = gnu17;
				GCC_DYNAMIC_NO_PIC = NO;
				GCC_NO_COMMON_BLOCKS = YES;
				GCC_OPTIMIZATION_LEVEL = 0;
				GCC_PREPROCESSOR_DEFINITIONS = (
					"DEBUG=1",
					"$(inherited)",
				);
				GCC_WARN_64_TO_32_BIT_CONVERSION = YES;
				GCC_WARN_ABOUT_RETURN_TYPE = YES_ERROR;
				GCC_WARN_UNDECLARED_SELECTOR = YES;
				GCC_WARN_UNINITIALIZED_AUTOS = YES_AGGRESSIVE;
				GCC_WARN_UNUSED_FUNCTION = YES;
				GCC_WARN_UNUSED_VARIABLE = YES;
				IPHONEOS_DEPLOYMENT_TARGET = 15.0;
				LOCALIZATION_PREFERS_STRING_CATALOGS = YES;
				MTL_ENABLE_DEBUG_INFO = INCLUDE_SOURCE;
				MTL_FAST_MATH = YES;
				ONLY_ACTIVE_ARCH = YES;
				SDKROOT = iphoneos;
				SWIFT_ACTIVE_COMPILATION_CONDITIONS = "DEBUG $(inherited)";
				SWIFT_OPTIMIZATION_LEVEL = "-Onone";
			};
			name = Debug;
		};
		2AB23D832B0628E30018AD27 /* Release */ = {
			isa = XCBuildConfiguration;
			buildSettings = {
				ALWAYS_SEARCH_USER_PATHS = NO;
				ASSETCATALOG_COMPILER_GENERATE_SWIFT_ASSET_SYMBOL_EXTENSIONS = YES;
				CLANG_ANALYZER_NONNULL = YES;
				CLANG_ANALYZER_NUMBER_OBJECT_CONVERSION = YES_AGGRESSIVE;
				CLANG_CXX_LANGUAGE_STANDARD = "gnu++20";
				CLANG_ENABLE_MODULES = YES;
				CLANG_ENABLE_OBJC_ARC = YES;
				CLANG_ENABLE_OBJC_WEAK = YES;
				CLANG_WARN_BLOCK_CAPTURE_AUTORELEASING = YES;
				CLANG_WARN_BOOL_CONVERSION = YES;
				CLANG_WARN_COMMA = YES;
				CLANG_WARN_CONSTANT_CONVERSION = YES;
				CLANG_WARN_DEPRECATED_OBJC_IMPLEMENTATIONS = YES;
				CLANG_WARN_DIRECT_OBJC_ISA_USAGE = YES_ERROR;
				CLANG_WARN_DOCUMENTATION_COMMENTS = YES;
				CLANG_WARN_EMPTY_BODY = YES;
				CLANG_WARN_ENUM_CONVERSION = YES;
				CLANG_WARN_INFINITE_RECURSION = YES;
				CLANG_WARN_INT_CONVERSION = YES;
				CLANG_WARN_NON_LITERAL_NULL_CONVERSION = YES;
				CLANG_WARN_OBJC_IMPLICIT_RETAIN_SELF = YES;
				CLANG_WARN_OBJC_LITERAL_CONVERSION = YES;
				CLANG_WARN_OBJC_ROOT_CLASS = YES_ERROR;
				CLANG_WARN_QUOTED_INCLUDE_IN_FRAMEWORK_HEADER = YES;
				CLANG_WARN_RANGE_LOOP_ANALYSIS = YES;
				CLANG_WARN_STRICT_PROTOTYPES = YES;
				CLANG_WARN_SUSPICIOUS_MOVE = YES;
				CLANG_WARN_UNGUARDED_AVAILABILITY = YES_AGGRESSIVE;
				CLANG_WARN_UNREACHABLE_CODE = YES;
				CLANG_WARN__DUPLICATE_METHOD_MATCH = YES;
				COPY_PHASE_STRIP = NO;
				DEBUG_INFORMATION_FORMAT = "dwarf-with-dsym";
				ENABLE_NS_ASSERTIONS = NO;
				ENABLE_STRICT_OBJC_MSGSEND = YES;
				ENABLE_USER_SCRIPT_SANDBOXING = NO;
				GCC_C_LANGUAGE_STANDARD = gnu17;
				GCC_NO_COMMON_BLOCKS = YES;
				GCC_WARN_64_TO_32_BIT_CONVERSION = YES;
				GCC_WARN_ABOUT_RETURN_TYPE = YES_ERROR;
				GCC_WARN_UNDECLARED_SELECTOR = YES;
				GCC_WARN_UNINITIALIZED_AUTOS = YES_AGGRESSIVE;
				GCC_WARN_UNUSED_FUNCTION = YES;
				GCC_WARN_UNUSED_VARIABLE = YES;
				IPHONEOS_DEPLOYMENT_TARGET = 15.0;
				LOCALIZATION_PREFERS_STRING_CATALOGS = YES;
				MTL_ENABLE_DEBUG_INFO = NO;
				MTL_FAST_MATH = YES;
				SDKROOT = iphoneos;
				SWIFT_COMPILATION_MODE = wholemodule;
				VALIDATE_PRODUCT = YES;
			};
			name = Release;
		};
		2AB23D852B0628E30018AD27 /* Debug */ = {
			isa = XCBuildConfiguration;
			baseConfigurationReference = 62A51FE53C1AE48A2D6AB955 /* Pods-TappaTask1.debug.xcconfig */;
			buildSettings = {
				ASSETCATALOG_COMPILER_APPICON_NAME = AppIcon;
				ASSETCATALOG_COMPILER_GLOBAL_ACCENT_COLOR_NAME = AccentColor;
				CODE_SIGN_STYLE = Automatic;
				CURRENT_PROJECT_VERSION = 1;
				DEVELOPMENT_TEAM = 89V63Y7M5L;
				ENABLE_USER_SCRIPT_SANDBOXING = NO;
				GENERATE_INFOPLIST_FILE = YES;
				INFOPLIST_FILE = TappaTask1/Info.plist;
				INFOPLIST_KEY_UIApplicationSupportsIndirectInputEvents = YES;
				INFOPLIST_KEY_UILaunchStoryboardName = LaunchScreen;
				INFOPLIST_KEY_UISupportedInterfaceOrientations = UIInterfaceOrientationPortrait;
				IPHONEOS_DEPLOYMENT_TARGET = 15.0;
				LD_RUNPATH_SEARCH_PATHS = (
					"$(inherited)",
					"@executable_path/Frameworks",
				);
				MARKETING_VERSION = 1.0;
				PRODUCT_BUNDLE_IDENTIFIER = com.itrukhau.TappaTask1;
				PRODUCT_NAME = "$(TARGET_NAME)";
				SWIFT_EMIT_LOC_STRINGS = YES;
				SWIFT_VERSION = 5.0;
				TARGETED_DEVICE_FAMILY = "1,2";
			};
			name = Debug;
		};
		2AB23D862B0628E30018AD27 /* Release */ = {
			isa = XCBuildConfiguration;
			baseConfigurationReference = 4E7A10ECBE44E686DBD18EA3 /* Pods-TappaTask1.release.xcconfig */;
			buildSettings = {
				ASSETCATALOG_COMPILER_APPICON_NAME = AppIcon;
				ASSETCATALOG_COMPILER_GLOBAL_ACCENT_COLOR_NAME = AccentColor;
				CODE_SIGN_STYLE = Automatic;
				CURRENT_PROJECT_VERSION = 1;
				DEVELOPMENT_TEAM = 89V63Y7M5L;
				ENABLE_USER_SCRIPT_SANDBOXING = NO;
				GENERATE_INFOPLIST_FILE = YES;
				INFOPLIST_FILE = TappaTask1/Info.plist;
				INFOPLIST_KEY_UIApplicationSupportsIndirectInputEvents = YES;
				INFOPLIST_KEY_UILaunchStoryboardName = LaunchScreen;
				INFOPLIST_KEY_UISupportedInterfaceOrientations = UIInterfaceOrientationPortrait;
				IPHONEOS_DEPLOYMENT_TARGET = 15.0;
				LD_RUNPATH_SEARCH_PATHS = (
					"$(inherited)",
					"@executable_path/Frameworks",
				);
				MARKETING_VERSION = 1.0;
				PRODUCT_BUNDLE_IDENTIFIER = com.itrukhau.TappaTask1;
				PRODUCT_NAME = "$(TARGET_NAME)";
				SWIFT_EMIT_LOC_STRINGS = YES;
				SWIFT_VERSION = 5.0;
				TARGETED_DEVICE_FAMILY = "1,2";
			};
			name = Release;
		};
/* End XCBuildConfiguration section */

/* Begin XCConfigurationList section */
		2AB23D6B2B0628E20018AD27 /* Build configuration list for PBXProject "TappaTask1" */ = {
			isa = XCConfigurationList;
			buildConfigurations = (
				2AB23D822B0628E30018AD27 /* Debug */,
				2AB23D832B0628E30018AD27 /* Release */,
			);
			defaultConfigurationIsVisible = 0;
			defaultConfigurationName = Release;
		};
		2AB23D842B0628E30018AD27 /* Build configuration list for PBXNativeTarget "TappaTask1" */ = {
			isa = XCConfigurationList;
			buildConfigurations = (
				2AB23D852B0628E30018AD27 /* Debug */,
				2AB23D862B0628E30018AD27 /* Release */,
			);
			defaultConfigurationIsVisible = 0;
			defaultConfigurationName = Release;
		};
/* End XCConfigurationList section */
	};
	rootObject = 2AB23D682B0628E20018AD27 /* Project object */;
}
